Microsoft Visual Studio Solution File, Format Version 12.00
# Visual Studio Version 17
VisualStudioVersion = 17.13.35913.81
MinimumVisualStudioVersion = 10.0.40219.1
Project("{FAE04EC0-301F-11D3-BF4B-00C04F79EFBC}") = "ConsoleGame", "ConsoleGame.csproj", "{3CAD5EF4-91F8-4E3E-B83A-7736694DBD92}"
EndProject
Global
	GlobalSection(SolutionConfigurationPlatforms) = preSolution
		Debug|Any CPU = Debug|Any CPU
		Release|Any CPU = Release|Any CPU
	EndGlobalSection
	GlobalSection(ProjectConfigurationPlatforms) = postSolution
		{3CAD5EF4-91F8-4E3E-B83A-7736694DBD92}.Debug|Any CPU.ActiveCfg = Debug|Any CPU
		{3CAD5EF4-91F8-4E3E-B83A-7736694DBD92}.Debug|Any CPU.Build.0 = Debug|Any CPU
		{3CAD5EF4-91F8-4E3E-B83A-7736694DBD92}.Release|Any CPU.ActiveCfg = Release|Any CPU
		{3CAD5EF4-91F8-4E3E-B83A-7736694DBD92}.Release|Any CPU.Build.0 = Release|Any CPU
	EndGlobalSection
	GlobalSection(SolutionProperties) = preSolution
		HideSolutionNode = FALSE
	EndGlobalSection
	GlobalSection(ExtensibilityGlobals) = postSolution
		SolutionGuid = {367EB4F8-02CD-4BBF-90BD-95C60F3A508F}
	EndGlobalSection
EndGlobal
